
Microsoft Visual Studio Solution File, Format Version 12.00
# Visual Studio Version 17
VisualStudioVersion = 17.10.35013.160
MinimumVisualStudioVersion = 10.0.40219.1
Project("{9A19103F-16F7-4668-BE54-9A1E7A4F7556}") = "MovieStore", "MovieStore\MovieStore.csproj", "{640B4676-7AED-4663-9478-99347AA28CA1}"
EndProject
Project("{9A19103F-16F7-4668-BE54-9A1E7A4F7556}") = "MovieStore.Entity", "MovieStore.Entity\MovieStore.Entity.csproj", "{F26F7873-93FD-4EA4-87B0-3931042D8E57}"
EndProject
Project("{9A19103F-16F7-4668-BE54-9A1E7A4F7556}") = "MovieStore.Data", "MovieStore.Data\MovieStore.Data.csproj", "{A5C6277B-2850-44CD-936E-CB34AA529E10}"
EndProject
Project("{9A19103F-16F7-4668-BE54-9A1E7A4F7556}") = "MovieStore.Core", "MovieStore.Core\MovieStore.Core.csproj", "{AFE39352-F53D-4D5A-A740-547E95826FBB}"
EndProject
Project("{E53339B2-1760-4266-BCC7-CA923CBCF16C}") = "docker-compose", "docker-compose.dcproj", "{815A5473-E033-4914-8CA7-4F0027522EAD}"
EndProject
Project("{FAE04EC0-301F-11D3-BF4B-00C04F79EFBC}") = "MovieStore.Tests", "MovieStore.Tests\MovieStore.Tests.csproj", "{D1C9E80A-B085-4F64-BC21-CDCB2ABE0801}"
EndProject
Global
	GlobalSection(SolutionConfigurationPlatforms) = preSolution
		Debug|Any CPU = Debug|Any CPU
		Release|Any CPU = Release|Any CPU
	EndGlobalSection
	GlobalSection(ProjectConfigurationPlatforms) = postSolution
		{640B4676-7AED-4663-9478-99347AA28CA1}.Debug|Any CPU.ActiveCfg = Debug|Any CPU
		{640B4676-7AED-4663-9478-99347AA28CA1}.Debug|Any CPU.Build.0 = Debug|Any CPU
		{640B4676-7AED-4663-9478-99347AA28CA1}.Release|Any CPU.ActiveCfg = Release|Any CPU
		{640B4676-7AED-4663-9478-99347AA28CA1}.Release|Any CPU.Build.0 = Release|Any CPU
		{F26F7873-93FD-4EA4-87B0-3931042D8E57}.Debug|Any CPU.ActiveCfg = Debug|Any CPU
		{F26F7873-93FD-4EA4-87B0-3931042D8E57}.Debug|Any CPU.Build.0 = Debug|Any CPU
		{F26F7873-93FD-4EA4-87B0-3931042D8E57}.Release|Any CPU.ActiveCfg = Release|Any CPU
		{F26F7873-93FD-4EA4-87B0-3931042D8E57}.Release|Any CPU.Build.0 = Release|Any CPU
		{A5C6277B-2850-44CD-936E-CB34AA529E10}.Debug|Any CPU.ActiveCfg = Debug|Any CPU
		{A5C6277B-2850-44CD-936E-CB34AA529E10}.Debug|Any CPU.Build.0 = Debug|Any CPU
		{A5C6277B-2850-44CD-936E-CB34AA529E10}.Release|Any CPU.ActiveCfg = Release|Any CPU
		{A5C6277B-2850-44CD-936E-CB34AA529E10}.Release|Any CPU.Build.0 = Release|Any CPU
		{AFE39352-F53D-4D5A-A740-547E95826FBB}.Debug|Any CPU.ActiveCfg = Debug|Any CPU
		{AFE39352-F53D-4D5A-A740-547E95826FBB}.Debug|Any CPU.Build.0 = Debug|Any CPU
		{AFE39352-F53D-4D5A-A740-547E95826FBB}.Release|Any CPU.ActiveCfg = Release|Any CPU
		{AFE39352-F53D-4D5A-A740-547E95826FBB}.Release|Any CPU.Build.0 = Release|Any CPU
		{815A5473-E033-4914-8CA7-4F0027522EAD}.Debug|Any CPU.ActiveCfg = Debug|Any CPU
		{815A5473-E033-4914-8CA7-4F0027522EAD}.Debug|Any CPU.Build.0 = Debug|Any CPU
		{815A5473-E033-4914-8CA7-4F0027522EAD}.Release|Any CPU.ActiveCfg = Release|Any CPU
		{815A5473-E033-4914-8CA7-4F0027522EAD}.Release|Any CPU.Build.0 = Release|Any CPU
		{D1C9E80A-B085-4F64-BC21-CDCB2ABE0801}.Debug|Any CPU.ActiveCfg = Debug|Any CPU
		{D1C9E80A-B085-4F64-BC21-CDCB2ABE0801}.Debug|Any CPU.Build.0 = Debug|Any CPU
		{D1C9E80A-B085-4F64-BC21-CDCB2ABE0801}.Release|Any CPU.ActiveCfg = Release|Any CPU
		{D1C9E80A-B085-4F64-BC21-CDCB2ABE0801}.Release|Any CPU.Build.0 = Release|Any CPU
	EndGlobalSection
	GlobalSection(SolutionProperties) = preSolution
		HideSolutionNode = FALSE
	EndGlobalSection
	GlobalSection(ExtensibilityGlobals) = postSolution
		SolutionGuid = {AA098CCD-B85F-40AB-9087-A29F27073444}
	EndGlobalSection
EndGlobal
